
Microsoft Visual Studio Solution File, Format Version 11.00
# Visual Studio 2010
Project("{FAE04EC0-301F-11D3-BF4B-00C04F79EFBC}") = "uptimeApi", "uptimeApi.csproj", "{885A6C43-3527-4829-A9BC-18A1E138548D}"
EndProject
Global
	GlobalSection(SolutionConfigurationPlatforms) = preSolution
		Debug|Any CPU = Debug|Any CPU
		Release|Any CPU = Release|Any CPU
	EndGlobalSection
	GlobalSection(ProjectConfigurationPlatforms) = postSolution
		{885A6C43-3527-4829-A9BC-18A1E138548D}.Debug|Any CPU.ActiveCfg = Debug|Any CPU
		{885A6C43-3527-4829-A9BC-18A1E138548D}.Debug|Any CPU.Build.0 = Debug|Any CPU
		{885A6C43-3527-4829-A9BC-18A1E138548D}.Release|Any CPU.ActiveCfg = Release|Any CPU
		{885A6C43-3527-4829-A9BC-18A1E138548D}.Release|Any CPU.Build.0 = Release|Any CPU
	EndGlobalSection
	GlobalSection(SolutionProperties) = preSolution
		HideSolutionNode = FALSE
	EndGlobalSection
EndGlobal
